PODS:
  - Crashlytics (3.8.3):
    - Fabric (~> 1.6.3)
  - Fabric (1.6.11)
  - GoogleAnalytics (3.17.0)
  - GRKAnalytics (3.0)

DEPENDENCIES:
  - Crashlytics (~> 3.7)
  - Fabric (~> 1.6)
  - GoogleAnalytics (~> 3.14)
  - GRKAnalytics (from `..`)

EXTERNAL SOURCES:
  GRKAnalytics:
    :path: ".."

SPEC CHECKSUMS:
  Crashlytics: 2b6dbe138a42395577cfa73dfa1aa7248cadf39e
  Fabric: 5911403591946b8228ab1c51d98f1d7137e863c6
  GoogleAnalytics: f42cc53a87a51fe94334821868d9c8481ff47a7b
  GRKAnalytics: e4cf2e7a91d9ee15daf9af8ad31e0f7690049732

PODFILE CHECKSUM: 47603aab4903b42f3aa6baf0dec03cc67674691a

COCOAPODS: 1.1.1
